
Microsoft Visual Studio Solution File, Format Version 12.00
# Visual Studio 14
VisualStudioVersion = 14.0.25420.1
MinimumVisualStudioVersion = 10.0.40219.1
Project("{151D2E53-A2C4-4D7D-83FE-D05416EBD58E}") = "VMIISSql", "ARMVMIISSql\VMIISSql.deployproj", "{D6222689-AA87-4E98-9CA0-C1336F7E9E75}"
EndProject
Global
	GlobalSection(SolutionConfigurationPlatforms) = preSolution
		Debug|Any CPU = Debug|Any CPU
		Release|Any CPU = Release|Any CPU
	EndGlobalSection
	GlobalSection(ProjectConfigurationPlatforms) = postSolution
		{D6222689-AA87-4E98-9CA0-C1336F7E9E75}.Debug|Any CPU.ActiveCfg = Debug|Any CPU
		{D6222689-AA87-4E98-9CA0-C1336F7E9E75}.Debug|Any CPU.Build.0 = Debug|Any CPU
		{D6222689-AA87-4E98-9CA0-C1336F7E9E75}.Release|Any CPU.ActiveCfg = Release|Any CPU
		{D6222689-AA87-4E98-9CA0-C1336F7E9E75}.Release|Any CPU.Build.0 = Release|Any CPU
	EndGlobalSection
	GlobalSection(SolutionProperties) = preSolution
		HideSolutionNode = FALSE
	EndGlobalSection
EndGlobal
